
Microsoft Visual Studio Solution File, Format Version 12.00
# Visual Studio Version 16
VisualStudioVersion = 16.0.31205.134
MinimumVisualStudioVersion = 10.0.40219.1
Project("{9A19103F-16F7-4668-BE54-9A1E7A4F7556}") = "DataAccess", "DataAccess\DataAccess.csproj", "{7B0110A0-141A-430A-9821-FFFBE92B9A15}"
EndProject
Project("{9A19103F-16F7-4668-BE54-9A1E7A4F7556}") = "Entities", "Entities\Entities.csproj", "{C08D9C01-7E6D-4A9E-B5AC-43F94EF4F2CB}"
EndProject
Project("{9A19103F-16F7-4668-BE54-9A1E7A4F7556}") = "Business", "Business\Business.csproj", "{66CE1F01-B11C-49A5-AB9C-B423DA326BF8}"
EndProject
Project("{9A19103F-16F7-4668-BE54-9A1E7A4F7556}") = "ConsoleUI", "ConsoleUI\ConsoleUI.csproj", "{C6ACF268-2D37-489B-8ECE-3B26564A0AF8}"
EndProject
Project("{9A19103F-16F7-4668-BE54-9A1E7A4F7556}") = "Core", "Core\Core.csproj", "{E7498671-D0F4-41BC-BBFD-EBDD84700D1F}"
EndProject
Project("{FAE04EC0-301F-11D3-BF4B-00C04F79EFBC}") = "WebAPI", "WebAPI\WebAPI.csproj", "{5E9D8C93-5643-4726-8D31-35E1546958ED}"
EndProject
Global
	GlobalSection(SolutionConfigurationPlatforms) = preSolution
		Debug|Any CPU = Debug|Any CPU
		Release|Any CPU = Release|Any CPU
	EndGlobalSection
	GlobalSection(ProjectConfigurationPlatforms) = postSolution
		{7B0110A0-141A-430A-9821-FFFBE92B9A15}.Debug|Any CPU.ActiveCfg = Debug|Any CPU
		{7B0110A0-141A-430A-9821-FFFBE92B9A15}.Debug|Any CPU.Build.0 = Debug|Any CPU
		{7B0110A0-141A-430A-9821-FFFBE92B9A15}.Release|Any CPU.ActiveCfg = Release|Any CPU
		{7B0110A0-141A-430A-9821-FFFBE92B9A15}.Release|Any CPU.Build.0 = Release|Any CPU
		{C08D9C01-7E6D-4A9E-B5AC-43F94EF4F2CB}.Debug|Any CPU.ActiveCfg = Debug|Any CPU
		{C08D9C01-7E6D-4A9E-B5AC-43F94EF4F2CB}.Debug|Any CPU.Build.0 = Debug|Any CPU
		{C08D9C01-7E6D-4A9E-B5AC-43F94EF4F2CB}.Release|Any CPU.ActiveCfg = Release|Any CPU
		{C08D9C01-7E6D-4A9E-B5AC-43F94EF4F2CB}.Release|Any CPU.Build.0 = Release|Any CPU
		{66CE1F01-B11C-49A5-AB9C-B423DA326BF8}.Debug|Any CPU.ActiveCfg = Debug|Any CPU
		{66CE1F01-B11C-49A5-AB9C-B423DA326BF8}.Debug|Any CPU.Build.0 = Debug|Any CPU
		{66CE1F01-B11C-49A5-AB9C-B423DA326BF8}.Release|Any CPU.ActiveCfg = Release|Any CPU
		{66CE1F01-B11C-49A5-AB9C-B423DA326BF8}.Release|Any CPU.Build.0 = Release|Any CPU
		{C6ACF268-2D37-489B-8ECE-3B26564A0AF8}.Debug|Any CPU.ActiveCfg = Debug|Any CPU
		{C6ACF268-2D37-489B-8ECE-3B26564A0AF8}.Debug|Any CPU.Build.0 = Debug|Any CPU
		{C6ACF268-2D37-489B-8ECE-3B26564A0AF8}.Release|Any CPU.ActiveCfg = Release|Any CPU
		{C6ACF268-2D37-489B-8ECE-3B26564A0AF8}.Release|Any CPU.Build.0 = Release|Any CPU
		{E7498671-D0F4-41BC-BBFD-EBDD84700D1F}.Debug|Any CPU.ActiveCfg = Debug|Any CPU
		{E7498671-D0F4-41BC-BBFD-EBDD84700D1F}.Debug|Any CPU.Build.0 = Debug|Any CPU
		{E7498671-D0F4-41BC-BBFD-EBDD84700D1F}.Release|Any CPU.ActiveCfg = Release|Any CPU
		{E7498671-D0F4-41BC-BBFD-EBDD84700D1F}.Release|Any CPU.Build.0 = Release|Any CPU
		{5E9D8C93-5643-4726-8D31-35E1546958ED}.Debug|Any CPU.ActiveCfg = Debug|Any CPU
		{5E9D8C93-5643-4726-8D31-35E1546958ED}.Debug|Any CPU.Build.0 = Debug|Any CPU
		{5E9D8C93-5643-4726-8D31-35E1546958ED}.Release|Any CPU.ActiveCfg = Release|Any CPU
		{5E9D8C93-5643-4726-8D31-35E1546958ED}.Release|Any CPU.Build.0 = Release|Any CPU
	EndGlobalSection
	GlobalSection(SolutionProperties) = preSolution
		HideSolutionNode = FALSE
	EndGlobalSection
	GlobalSection(ExtensibilityGlobals) = postSolution
		SolutionGuid = {A58B7795-1091-4954-884D-3AE3BC0E547B}
	EndGlobalSection
EndGlobal
